
Microsoft Visual Studio Solution File, Format Version 12.00
# Visual Studio Version 17
VisualStudioVersion = 17.11.35312.102
MinimumVisualStudioVersion = 10.0.40219.1
Project("{9A19103F-16F7-4668-BE54-9A1E7A4F7556}") = "BlazorHybrid", "BlazorHybrid\BlazorHybrid.csproj", "{B11674DD-8CC0-4831-A833-2ED75D4B2BB8}"
EndProject
Project("{9A19103F-16F7-4668-BE54-9A1E7A4F7556}") = "BlazorHybrid.Core", "BlazorHybrid.Core\BlazorHybrid.Core.csproj", "{934FC504-C4CD-4B82-8161-3476515F27B7}"
EndProject
Global
	GlobalSection(SolutionConfigurationPlatforms) = preSolution
		Debug|Any CPU = Debug|Any CPU
		Release|Any CPU = Release|Any CPU
	EndGlobalSection
	GlobalSection(ProjectConfigurationPlatforms) = postSolution
		{B11674DD-8CC0-4831-A833-2ED75D4B2BB8}.Debug|Any CPU.ActiveCfg = Debug|Any CPU
		{B11674DD-8CC0-4831-A833-2ED75D4B2BB8}.Debug|Any CPU.Build.0 = Debug|Any CPU
		{B11674DD-8CC0-4831-A833-2ED75D4B2BB8}.Debug|Any CPU.Deploy.0 = Debug|Any CPU
		{B11674DD-8CC0-4831-A833-2ED75D4B2BB8}.Release|Any CPU.ActiveCfg = Release|Any CPU
		{B11674DD-8CC0-4831-A833-2ED75D4B2BB8}.Release|Any CPU.Build.0 = Release|Any CPU
		{B11674DD-8CC0-4831-A833-2ED75D4B2BB8}.Release|Any CPU.Deploy.0 = Release|Any CPU
		{934FC504-C4CD-4B82-8161-3476515F27B7}.Debug|Any CPU.ActiveCfg = Debug|Any CPU
		{934FC504-C4CD-4B82-8161-3476515F27B7}.Debug|Any CPU.Build.0 = Debug|Any CPU
		{934FC504-C4CD-4B82-8161-3476515F27B7}.Release|Any CPU.ActiveCfg = Release|Any CPU
		{934FC504-C4CD-4B82-8161-3476515F27B7}.Release|Any CPU.Build.0 = Release|Any CPU
	EndGlobalSection
	GlobalSection(SolutionProperties) = preSolution
		HideSolutionNode = FALSE
	EndGlobalSection
	GlobalSection(ExtensibilityGlobals) = postSolution
		SolutionGuid = {1C5592C1-4E00-47A9-B5AB-5044E31A3E29}
	EndGlobalSection
EndGlobal
